// !$*UTF8*$!
{
	archiveVersion = 1;
	classes = {
	};
	objectVersion = 46;
	objects = {

/* Begin PBXBuildFile section */
		30A7564116537D0E00A2391E /* UIKit.framework in Frameworks */ = {isa = PBXBuildFile; fileRef = 30A7564016537D0E00A2391E /* UIKit.framework */; };
		30A7564316537D0E00A2391E /* Foundation.framework in Frameworks */ = {isa = PBXBuildFile; fileRef = 30A7564216537D0E00A2391E /* Foundation.framework */; };
		30A7564516537D0E00A2391E /* CoreGraphics.framework in Frameworks */ = {isa = PBXBuildFile; fileRef = 30A7564416537D0E00A2391E /* CoreGraphics.framework */; };
		30A7564B16537D0E00A2391E /* InfoPlist.strings in Resources */ = {isa = PBXBuildFile; fileRef = 30A7564916537D0E00A2391E /* InfoPlist.strings */; };
		30A7564D16537D0E00A2391E /* main.m in Sources */ = {isa = PBXBuildFile; fileRef = 30A7564C16537D0E00A2391E /* main.m */; };
		30A7565116537D0E00A2391E /* AppDelegate.m in Sources */ = {isa = PBXBuildFile; fileRef = 30A7565016537D0E00A2391E /* AppDelegate.m */; };
		30A7565316537D0E00A2391E /* Default.png in Resources */ = {isa = PBXBuildFile; fileRef = 30A7565216537D0E00A2391E /* Default.png */; };
		30A7565516537D0E00A2391E /* Default@2x.png in Resources */ = {isa = PBXBuildFile; fileRef = 30A7565416537D0E00A2391E /* Default@2x.png */; };
		30A7565716537D0E00A2391E /* Default-568h@2x.png in Resources */ = {isa = PBXBuildFile; fileRef = 30A7565616537D0E00A2391E /* Default-568h@2x.png */; };
		30A7565A16537D0E00A2391E /* ViewController.m in Sources */ = {isa = PBXBuildFile; fileRef = 30A7565916537D0E00A2391E /* ViewController.m */; };
		30A7565D16537D0E00A2391E /* ViewController.xib in Resources */ = {isa = PBXBuildFile; fileRef = 30A7565B16537D0E00A2391E /* ViewController.xib */; };
/* End PBXBuildFile section */

/* Begin PBXFileReference section */
		30A7563C16537D0E00A2391E /* NoneGitSample.app */ = {isa = PBXFileReference; explicitFileType = wrapper.application; includeInIndex = 0; path = NoneGitSample.app; sourceTree = BUILT_PRODUCTS_DIR; };
		30A7564016537D0E00A2391E /* UIKit.framework */ = {isa = PBXFileReference; lastKnownFileType = wrapper.framework; name = UIKit.framework; path = System/Library/Frameworks/UIKit.framework; sourceTree = SDKROOT; };
		30A7564216537D0E00A2391E /* Foundation.framework */ = {isa = PBXFileReference; lastKnownFileType = wrapper.framework; name = Foundation.framework; path = System/Library/Frameworks/Foundation.framework; sourceTree = SDKROOT; };
		30A7564416537D0E00A2391E /* CoreGraphics.framework */ = {isa = PBXFileReference; lastKnownFileType = wrapper.framework; name = CoreGraphics.framework; path = System/Library/Frameworks/CoreGraphics.framework; sourceTree = SDKROOT; };
		30A7564816537D0E00A2391E /* NoneGitSample-Info.plist */ = {isa = PBXFileReference; lastKnownFileType = text.plist.xml; path = "NoneGitSample-Info.plist"; sourceTree = "<group>"; };
		30A7564A16537D0E00A2391E /* en */ = {isa = PBXFileReference; lastKnownFileType = text.plist.strings; name = en; path = en.lproj/InfoPlist.strings; sourceTree = "<group>"; };
		30A7564C16537D0E00A2391E /* main.m */ = {isa = PBXFileReference; lastKnownFileType = sourcecode.c.objc; path = main.m; sourceTree = "<group>"; };
		30A7564E16537D0E00A2391E /* NoneGitSample-Prefix.pch */ = {isa = PBXFileReference; lastKnownFileType = sourcecode.c.h; path = "NoneGitSample-Prefix.pch"; sourceTree = "<group>"; };
		30A7564F16537D0E00A2391E /* AppDelegate.h */ = {isa = PBXFileReference; lastKnownFileType = sourcecode.c.h; path = AppDelegate.h; sourceTree = "<group>"; };
		30A7565016537D0E00A2391E /* AppDelegate.m */ = {isa = PBXFileReference; lastKnownFileType = sourcecode.c.objc; path = AppDelegate.m; sourceTree = "<group>"; };
		30A7565216537D0E00A2391E /* Default.png */ = {isa = PBXFileReference; lastKnownFileType = image.png; path = Default.png; sourceTree = "<group>"; };
		30A7565416537D0E00A2391E /* Default@2x.png */ = {isa = PBXFileReference; lastKnownFileType = image.png; path = "Default@2x.png"; sourceTree = "<group>"; };
		30A7565616537D0E00A2391E /* Default-568h@2x.png */ = {isa = PBXFileReference; lastKnownFileType = image.png; path = "Default-568h@2x.png"; sourceTree = "<group>"; };
		30A7565816537D0E00A2391E /* ViewController.h */ = {isa = PBXFileReference; lastKnownFileType = sourcecode.c.h; path = ViewController.h; sourceTree = "<group>"; };
		30A7565916537D0E00A2391E /* ViewController.m */ = {isa = PBXFileReference; lastKnownFileType = sourcecode.c.objc; path = ViewController.m; sourceTree = "<group>"; };
		30A7565C16537D0E00A2391E /* en */ = {isa = PBXFileReference; lastKnownFileType = file.xib; name = en; path = en.lproj/ViewController.xib; sourceTree = "<group>"; };
/* End PBXFileReference section */

/* Begin PBXFrameworksBuildPhase section */
		30A7563916537D0E00A2391E /* Frameworks */ = {
			isa = PBXFrameworksBuildPhase;
			buildActionMask = 2147483647;
			files = (
				30A7564116537D0E00A2391E /* UIKit.framework in Frameworks */,
				30A7564316537D0E00A2391E /* Foundation.framework in Frameworks */,
				30A7564516537D0E00A2391E /* CoreGraphics.framework in Frameworks */,
			);
			runOnlyForDeploymentPostprocessing = 0;
		};
/* End PBXFrameworksBuildPhase section */

/* Begin PBXGroup section */
		30A7563116537D0E00A2391E = {
			isa = PBXGroup;
			children = (
				30A7564616537D0E00A2391E /* NoneGitSample */,
				30A7563F16537D0E00A2391E /* Frameworks */,
				30A7563D16537D0E00A2391E /* Products */,
			);
			sourceTree = "<group>";
		};
		30A7563D16537D0E00A2391E /* Products */ = {
			isa = PBXGroup;
			children = (
				30A7563C16537D0E00A2391E /* NoneGitSample.app */,
			);
			name = Products;
			sourceTree = "<group>";
		};
		30A7563F16537D0E00A2391E /* Frameworks */ = {
			isa = PBXGroup;
			children = (
				30A7564016537D0E00A2391E /* UIKit.framework */,
				30A7564216537D0E00A2391E /* Foundation.framework */,
				30A7564416537D0E00A2391E /* CoreGraphics.framework */,
			);
			name = Frameworks;
			sourceTree = "<group>";
		};
		30A7564616537D0E00A2391E /* NoneGitSample */ = {
			isa = PBXGroup;
			children = (
				30A7564F16537D0E00A2391E /* AppDelegate.h */,
				30A7565016537D0E00A2391E /* AppDelegate.m */,
				30A7565816537D0E00A2391E /* ViewController.h */,
				30A7565916537D0E00A2391E /* ViewController.m */,
				30A7565B16537D0E00A2391E /* ViewController.xib */,
				30A7564716537D0E00A2391E /* Supporting Files */,
			);
			path = NoneGitSample;
			sourceTree = "<group>";
		};
		30A7564716537D0E00A2391E /* Supporting Files */ = {
			isa = PBXGroup;
			children = (
				30A7564816537D0E00A2391E /* NoneGitSample-Info.plist */,
				30A7564916537D0E00A2391E /* InfoPlist.strings */,
				30A7564C16537D0E00A2391E /* main.m */,
				30A7564E16537D0E00A2391E /* NoneGitSample-Prefix.pch */,
				30A7565216537D0E00A2391E /* Default.png */,
				30A7565416537D0E00A2391E /* Default@2x.png */,
				30A7565616537D0E00A2391E /* Default-568h@2x.png */,
			);
			name = "Supporting Files";
			sourceTree = "<group>";
		};
/* End PBXGroup section */

/* Begin PBXNativeTarget section */
		30A7563B16537D0E00A2391E /* NoneGitSample */ = {
			isa = PBXNativeTarget;
			buildConfigurationList = 30A7566016537D0E00A2391E /* Build configuration list for PBXNativeTarget "NoneGitSample" */;
			buildPhases = (
				30A7563816537D0E00A2391E /* Sources */,
				30A7563916537D0E00A2391E /* Frameworks */,
				30A7563A16537D0E00A2391E /* Resources */,
			);
			buildRules = (
			);
			dependencies = (
			);
			name = NoneGitSample;
			productName = NoneGitSample;
			productReference = 30A7563C16537D0E00A2391E /* NoneGitSample.app */;
			productType = "com.apple.product-type.application";
		};
/* End PBXNativeTarget section */

/* Begin PBXProject section */
		30A7563316537D0E00A2391E /* Project object */ = {
			isa = PBXProject;
			attributes = {
				LastUpgradeCheck = 0450;
				ORGANIZATIONNAME = abe;
			};
			buildConfigurationList = 30A7563616537D0E00A2391E /* Build configuration list for PBXProject "NoneGitSample" */;
			compatibilityVersion = "Xcode 3.2";
			developmentRegion = English;
			hasScannedForEncodings = 0;
			knownRegions = (
				en,
			);
			mainGroup = 30A7563116537D0E00A2391E;
			productRefGroup = 30A7563D16537D0E00A2391E /* Products */;
			projectDirPath = "";
			projectRoot = "";
			targets = (
				30A7563B16537D0E00A2391E /* NoneGitSample */,
			);
		};
/* End PBXProject section */

/* Begin PBXResourcesBuildPhase section */
		30A7563A16537D0E00A2391E /* Resources */ = {
			isa = PBXResourcesBuildPhase;
			buildActionMask = 2147483647;
			files = (
				30A7564B16537D0E00A2391E /* InfoPlist.strings in Resources */,
				30A7565316537D0E00A2391E /* Default.png in Resources */,
				30A7565516537D0E00A2391E /* Default@2x.png in Resources */,
				30A7565716537D0E00A2391E /* Default-568h@2x.png in Resources */,
				30A7565D16537D0E00A2391E /* ViewController.xib in Resources */,
			);
			runOnlyForDeploymentPostprocessing = 0;
		};
/* End PBXResourcesBuildPhase section */

/* Begin PBXSourcesBuildPhase section */
		30A7563816537D0E00A2391E /* Sources */ = {
			isa = PBXSourcesBuildPhase;
			buildActionMask = 2147483647;
			files = (
				30A7564D16537D0E00A2391E /* main.m in Sources */,
				30A7565116537D0E00A2391E /* AppDelegate.m in Sources */,
				30A7565A16537D0E00A2391E /* ViewController.m in Sources */,
			);
			runOnlyForDeploymentPostprocessing = 0;
		};
/* End PBXSourcesBuildPhase section */

/* Begin PBXVariantGroup section */
		30A7564916537D0E00A2391E /* InfoPlist.strings */ = {
			isa = PBXVariantGroup;
			children = (
				30A7564A16537D0E00A2391E /* en */,
			);
			name = InfoPlist.strings;
			sourceTree = "<group>";
		};
		30A7565B16537D0E00A2391E /* ViewController.xib */ = {
			isa = PBXVariantGroup;
			children = (
				30A7565C16537D0E00A2391E /* en */,
			);
			name = ViewController.xib;
			sourceTree = "<group>";
		};
/* End PBXVariantGroup section */

/* Begin XCBuildConfiguration section */
		30A7565E16537D0E00A2391E /* Debug */ = {
			isa = XCBuildConfiguration;
			buildSettings = {
				ALWAYS_SEARCH_USER_PATHS = NO;
				CLANG_CXX_LANGUAGE_STANDARD = "gnu++0x";
				CLANG_CXX_LIBRARY = "libc++";
				CLANG_WARN_EMPTY_BODY = YES;
				CLANG_WARN__DUPLICATE_METHOD_MATCH = YES;
				"CODE_SIGN_IDENTITY[sdk=iphoneos*]" = "iPhone Developer";
				COPY_PHASE_STRIP = NO;
				GCC_C_LANGUAGE_STANDARD = gnu99;
				GCC_DYNAMIC_NO_PIC = NO;
				GCC_OPTIMIZATION_LEVEL = 0;
				GCC_PREPROCESSOR_DEFINITIONS = (
					"DEBUG=1",
					"$(inherited)",
				);
				GCC_SYMBOLS_PRIVATE_EXTERN = NO;
				GCC_WARN_ABOUT_RETURN_TYPE = YES;
				GCC_WARN_UNINITIALIZED_AUTOS = YES;
				GCC_WARN_UNUSED_VARIABLE = YES;
				IPHONEOS_DEPLOYMENT_TARGET = 6.0;
				SDKROOT = iphoneos;
			};
			name = Debug;
		};
		30A7565F16537D0E00A2391E /* Release */ = {
			isa = XCBuildConfiguration;
			buildSettings = {
				ALWAYS_SEARCH_USER_PATHS = NO;
				CLANG_CXX_LANGUAGE_STANDARD = "gnu++0x";
				CLANG_CXX_LIBRARY = "libc++";
				CLANG_WARN_EMPTY_BODY = YES;
				CLANG_WARN__DUPLICATE_METHOD_MATCH = YES;
				"CODE_SIGN_IDENTITY[sdk=iphoneos*]" = "iPhone Developer";
				COPY_PHASE_STRIP = YES;
				GCC_C_LANGUAGE_STANDARD = gnu99;
				GCC_WARN_ABOUT_RETURN_TYPE = YES;
				GCC_WARN_UNINITIALIZED_AUTOS = YES;
				GCC_WARN_UNUSED_VARIABLE = YES;
				IPHONEOS_DEPLOYMENT_TARGET = 6.0;
				OTHER_CFLAGS = "-DNS_BLOCK_ASSERTIONS=1";
				SDKROOT = iphoneos;
				VALIDATE_PRODUCT = YES;
			};
			name = Release;
		};
		30A7566116537D0E00A2391E /* Debug */ = {
			isa = XCBuildConfiguration;
			buildSettings = {
				GCC_PRECOMPILE_PREFIX_HEADER = YES;
				GCC_PREFIX_HEADER = "NoneGitSample/NoneGitSample-Prefix.pch";
				INFOPLIST_FILE = "NoneGitSample/NoneGitSample-Info.plist";
				PRODUCT_NAME = "$(TARGET_NAME)";
				WRAPPER_EXTENSION = app;
			};
			name = Debug;
		};
		30A7566216537D0E00A2391E /* Release */ = {
			isa = XCBuildConfiguration;
			buildSettings = {
				GCC_PRECOMPILE_PREFIX_HEADER = YES;
				GCC_PREFIX_HEADER = "NoneGitSample/NoneGitSample-Prefix.pch";
				INFOPLIST_FILE = "NoneGitSample/NoneGitSample-Info.plist";
				PRODUCT_NAME = "$(TARGET_NAME)";
				WRAPPER_EXTENSION = app;
			};
			name = Release;
		};
/* End XCBuildConfiguration section */

/* Begin XCConfigurationList section */
		30A7563616537D0E00A2391E /* Build configuration list for PBXProject "NoneGitSample" */ = {
			isa = XCConfigurationList;
			buildConfigurations = (
				30A7565E16537D0E00A2391E /* Debug */,
				30A7565F16537D0E00A2391E /* Release */,
			);
			defaultConfigurationIsVisible = 0;
			defaultConfigurationName = Release;
		};
		30A7566016537D0E00A2391E /* Build configuration list for PBXNativeTarget "NoneGitSample" */ = {
			isa = XCConfigurationList;
			buildConfigurations = (
				30A7566116537D0E00A2391E /* Debug */,
				30A7566216537D0E00A2391E /* Release */,
			);
			defaultConfigurationIsVisible = 0;
		};
/* End XCConfigurationList section */
	};
	rootObject = 30A7563316537D0E00A2391E /* Project object */;
}
